
Microsoft Visual Studio Solution File, Format Version 12.00
# Visual Studio Version 17
VisualStudioVersion = 17.8.34511.84
MinimumVisualStudioVersion = 10.0.40219.1
Project("{8BC9CEB8-8B4A-11D0-8D11-00A0C91BC942}") = "234. Palindrome linked list", "234. Palindrome linked list\234. Palindrome linked list.vcxproj", "{2172C8EC-06D5-4F03-938E-D723989544DE}"
EndProject
Project("{8BC9CEB8-8B4A-11D0-8D11-00A0C91BC942}") = "1672. Richest customer wealth", "1672. Richest customer wealth\1672. Richest customer wealth.vcxproj", "{9F964BBB-C13B-4B8C-A761-696546626BD8}"
EndProject
Project("{8BC9CEB8-8B4A-11D0-8D11-00A0C91BC942}") = "383. Ransom Note", "383. Ransom Note\383. Ransom Note.vcxproj", "{78C93789-D3E2-451E-969D-7CD3E1D225B2}"
EndProject
Project("{8BC9CEB8-8B4A-11D0-8D11-00A0C91BC942}") = "412. Fizz Buzz", "412. Fizz Buzz\412. Fizz Buzz.vcxproj", "{A0A68DA2-F94C-4A78-8E27-C02AD4DF7865}"
EndProject
Project("{8BC9CEB8-8B4A-11D0-8D11-00A0C91BC942}") = "876. Middle of the Linked List", "876. Middle of the Linked List\876. Middle of the Linked List.vcxproj", "{87E29DE4-C269-4457-BA81-20207E1A3FCC}"
EndProject
Project("{8BC9CEB8-8B4A-11D0-8D11-00A0C91BC942}") = "1337. The K Weakest Rows in a Matrix", "1337. The K Weakest Rows in a Matrix\1337. The K Weakest Rows in a Matrix.vcxproj", "{727096A8-7F4E-4058-A13E-092C7E90F1EB}"
EndProject
Project("{8BC9CEB8-8B4A-11D0-8D11-00A0C91BC942}") = "1342. Number of Steps to Reduce a Number to Zero", "1342. Number of Steps to Reduce a Number to Zero\1342. Number of Steps to Reduce a Number to Zero.vcxproj", "{CE3BD781-D0FA-4E57-81B6-A984BDE5F39D}"
EndProject
Project("{8BC9CEB8-8B4A-11D0-8D11-00A0C91BC942}") = "206. Reverse Linked List", "206. Reverse Linked List\206. Reverse Linked List.vcxproj", "{021F0878-D057-4E36-923D-B3CFD03D68A1}"
EndProject
Project("{8BC9CEB8-8B4A-11D0-8D11-00A0C91BC942}") = "2. Add Two Numbers", "2. Add Two Numbers\2. Add Two Numbers.vcxproj", "{AB81E811-7726-4994-9BB7-92948D4F05BE}"
EndProject
Project("{8BC9CEB8-8B4A-11D0-8D11-00A0C91BC942}") = "1004. Max Consecutive Ones III", "1004. Max Consecutive Ones III\1004. Max Consecutive Ones III.vcxproj", "{E5E6ABA1-AEAD-4DD1-8A94-4CE711A25C45}"
EndProject
Project("{8BC9CEB8-8B4A-11D0-8D11-00A0C91BC942}") = "900. RLE Iterator", "900. RLE Iterator\900. RLE Iterator.vcxproj", "{F2112B93-90A5-445D-9447-508E98B3776E}"
EndProject
Project("{8BC9CEB8-8B4A-11D0-8D11-00A0C91BC942}") = "806. Number of Lines To Write String", "806. Number of Lines To Write String\806. Number of Lines To Write String.vcxproj", "{9DBE2825-C445-4EE8-8A42-1BD0EE0EAA58}"
EndProject
Project("{8BC9CEB8-8B4A-11D0-8D11-00A0C91BC942}") = "2744. Find Maximum Number of String Pairs", "2744. Find Maximum Number of String Pairs\2744. Find Maximum Number of String Pairs.vcxproj", "{99D4201B-28FE-4D03-88AC-A34AF729AF11}"
EndProject
Project("{8BC9CEB8-8B4A-11D0-8D11-00A0C91BC942}") = "3042. Count Prefix and Suffix Pairs I", "3042. Count Prefix and Suffix Pairs I\3042. Count Prefix and Suffix Pairs I.vcxproj", "{0B80C7EB-7DB0-4277-B90C-22E33FBEA517}"
EndProject
Project("{8BC9CEB8-8B4A-11D0-8D11-00A0C91BC942}") = "1781. Sum of Beauty of All Substrings", "1781. Sum of Beauty of All Substrings\1781. Sum of Beauty of All Substrings.vcxproj", "{AA09532B-211A-4CF5-8D28-60FA5E5FFA21}"
EndProject
Project("{8BC9CEB8-8B4A-11D0-8D11-00A0C91BC942}") = "1054. Distant Barcodes", "1054. Distant Barcodes\1054. Distant Barcodes.vcxproj", "{516F2D33-FFF4-4102-A765-14EB80C26213}"
EndProject
Project("{8BC9CEB8-8B4A-11D0-8D11-00A0C91BC942}") = "706. Design HashMap", "706. Design HashMap\706. Design HashMap.vcxproj", "{213B61C3-B573-4FFA-9947-0C0548BF6916}"
EndProject
Global
	GlobalSection(SolutionConfigurationPlatforms) = preSolution
		Debug|x64 = Debug|x64
		Debug|x86 = Debug|x86
		Release|x64 = Release|x64
		Release|x86 = Release|x86
	EndGlobalSection
	GlobalSection(ProjectConfigurationPlatforms) = postSolution
		{2172C8EC-06D5-4F03-938E-D723989544DE}.Debug|x64.ActiveCfg = Debug|x64
		{2172C8EC-06D5-4F03-938E-D723989544DE}.Debug|x64.Build.0 = Debug|x64
		{2172C8EC-06D5-4F03-938E-D723989544DE}.Debug|x86.ActiveCfg = Debug|Win32
		{2172C8EC-06D5-4F03-938E-D723989544DE}.Debug|x86.Build.0 = Debug|Win32
		{2172C8EC-06D5-4F03-938E-D723989544DE}.Release|x64.ActiveCfg = Release|x64
		{2172C8EC-06D5-4F03-938E-D723989544DE}.Release|x64.Build.0 = Release|x64
		{2172C8EC-06D5-4F03-938E-D723989544DE}.Release|x86.ActiveCfg = Release|Win32
		{2172C8EC-06D5-4F03-938E-D723989544DE}.Release|x86.Build.0 = Release|Win32
		{9F964BBB-C13B-4B8C-A761-696546626BD8}.Debug|x64.ActiveCfg = Debug|x64
		{9F964BBB-C13B-4B8C-A761-696546626BD8}.Debug|x64.Build.0 = Debug|x64
		{9F964BBB-C13B-4B8C-A761-696546626BD8}.Debug|x86.ActiveCfg = Debug|Win32
		{9F964BBB-C13B-4B8C-A761-696546626BD8}.Debug|x86.Build.0 = Debug|Win32
		{9F964BBB-C13B-4B8C-A761-696546626BD8}.Release|x64.ActiveCfg = Release|x64
		{9F964BBB-C13B-4B8C-A761-696546626BD8}.Release|x64.Build.0 = Release|x64
		{9F964BBB-C13B-4B8C-A761-696546626BD8}.Release|x86.ActiveCfg = Release|Win32
		{9F964BBB-C13B-4B8C-A761-696546626BD8}.Release|x86.Build.0 = Release|Win32
		{78C93789-D3E2-451E-969D-7CD3E1D225B2}.Debug|x64.ActiveCfg = Debug|x64
		{78C93789-D3E2-451E-969D-7CD3E1D225B2}.Debug|x64.Build.0 = Debug|x64
		{78C93789-D3E2-451E-969D-7CD3E1D225B2}.Debug|x86.ActiveCfg = Debug|Win32
		{78C93789-D3E2-451E-969D-7CD3E1D225B2}.Debug|x86.Build.0 = Debug|Win32
		{78C93789-D3E2-451E-969D-7CD3E1D225B2}.Release|x64.ActiveCfg = Release|x64
		{78C93789-D3E2-451E-969D-7CD3E1D225B2}.Release|x64.Build.0 = Release|x64
		{78C93789-D3E2-451E-969D-7CD3E1D225B2}.Release|x86.ActiveCfg = Release|Win32
		{78C93789-D3E2-451E-969D-7CD3E1D225B2}.Release|x86.Build.0 = Release|Win32
		{A0A68DA2-F94C-4A78-8E27-C02AD4DF7865}.Debug|x64.ActiveCfg = Debug|x64
		{A0A68DA2-F94C-4A78-8E27-C02AD4DF7865}.Debug|x64.Build.0 = Debug|x64
		{A0A68DA2-F94C-4A78-8E27-C02AD4DF7865}.Debug|x86.ActiveCfg = Debug|Win32
		{A0A68DA2-F94C-4A78-8E27-C02AD4DF7865}.Debug|x86.Build.0 = Debug|Win32
		{A0A68DA2-F94C-4A78-8E27-C02AD4DF7865}.Release|x64.ActiveCfg = Release|x64
		{A0A68DA2-F94C-4A78-8E27-C02AD4DF7865}.Release|x64.Build.0 = Release|x64
		{A0A68DA2-F94C-4A78-8E27-C02AD4DF7865}.Release|x86.ActiveCfg = Release|Win32
		{A0A68DA2-F94C-4A78-8E27-C02AD4DF7865}.Release|x86.Build.0 = Release|Win32
		{87E29DE4-C269-4457-BA81-20207E1A3FCC}.Debug|x64.ActiveCfg = Debug|x64
		{87E29DE4-C269-4457-BA81-20207E1A3FCC}.Debug|x64.Build.0 = Debug|x64
		{87E29DE4-C269-4457-BA81-20207E1A3FCC}.Debug|x86.ActiveCfg = Debug|Win32
		{87E29DE4-C269-4457-BA81-20207E1A3FCC}.Debug|x86.Build.0 = Debug|Win32
		{87E29DE4-C269-4457-BA81-20207E1A3FCC}.Release|x64.ActiveCfg = Release|x64
		{87E29DE4-C269-4457-BA81-20207E1A3FCC}.Release|x64.Build.0 = Release|x64
		{87E29DE4-C269-4457-BA81-20207E1A3FCC}.Release|x86.ActiveCfg = Release|Win32
		{87E29DE4-C269-4457-BA81-20207E1A3FCC}.Release|x86.Build.0 = Release|Win32
		{727096A8-7F4E-4058-A13E-092C7E90F1EB}.Debug|x64.ActiveCfg = Debug|x64
		{727096A8-7F4E-4058-A13E-092C7E90F1EB}.Debug|x64.Build.0 = Debug|x64
		{727096A8-7F4E-4058-A13E-092C7E90F1EB}.Debug|x86.ActiveCfg = Debug|Win32
		{727096A8-7F4E-4058-A13E-092C7E90F1EB}.Debug|x86.Build.0 = Debug|Win32
		{727096A8-7F4E-4058-A13E-092C7E90F1EB}.Release|x64.ActiveCfg = Release|x64
		{727096A8-7F4E-4058-A13E-092C7E90F1EB}.Release|x64.Build.0 = Release|x64
		{727096A8-7F4E-4058-A13E-092C7E90F1EB}.Release|x86.ActiveCfg = Release|Win32
		{727096A8-7F4E-4058-A13E-092C7E90F1EB}.Release|x86.Build.0 = Release|Win32
		{CE3BD781-D0FA-4E57-81B6-A984BDE5F39D}.Debug|x64.ActiveCfg = Debug|x64
		{CE3BD781-D0FA-4E57-81B6-A984BDE5F39D}.Debug|x64.Build.0 = Debug|x64
		{CE3BD781-D0FA-4E57-81B6-A984BDE5F39D}.Debug|x86.ActiveCfg = Debug|Win32
		{CE3BD781-D0FA-4E57-81B6-A984BDE5F39D}.Debug|x86.Build.0 = Debug|Win32
		{CE3BD781-D0FA-4E57-81B6-A984BDE5F39D}.Release|x64.ActiveCfg = Release|x64
		{CE3BD781-D0FA-4E57-81B6-A984BDE5F39D}.Release|x64.Build.0 = Release|x64
		{CE3BD781-D0FA-4E57-81B6-A984BDE5F39D}.Release|x86.ActiveCfg = Release|Win32
		{CE3BD781-D0FA-4E57-81B6-A984BDE5F39D}.Release|x86.Build.0 = Release|Win32
		{021F0878-D057-4E36-923D-B3CFD03D68A1}.Debug|x64.ActiveCfg = Debug|x64
		{021F0878-D057-4E36-923D-B3CFD03D68A1}.Debug|x64.Build.0 = Debug|x64
		{021F0878-D057-4E36-923D-B3CFD03D68A1}.Debug|x86.ActiveCfg = Debug|Win32
		{021F0878-D057-4E36-923D-B3CFD03D68A1}.Debug|x86.Build.0 = Debug|Win32
		{021F0878-D057-4E36-923D-B3CFD03D68A1}.Release|x64.ActiveCfg = Release|x64
		{021F0878-D057-4E36-923D-B3CFD03D68A1}.Release|x64.Build.0 = Release|x64
		{021F0878-D057-4E36-923D-B3CFD03D68A1}.Release|x86.ActiveCfg = Release|Win32
		{021F0878-D057-4E36-923D-B3CFD03D68A1}.Release|x86.Build.0 = Release|Win32
		{AB81E811-7726-4994-9BB7-92948D4F05BE}.Debug|x64.ActiveCfg = Debug|x64
		{AB81E811-7726-4994-9BB7-92948D4F05BE}.Debug|x64.Build.0 = Debug|x64
		{AB81E811-7726-4994-9BB7-92948D4F05BE}.Debug|x86.ActiveCfg = Debug|Win32
		{AB81E811-7726-4994-9BB7-92948D4F05BE}.Debug|x86.Build.0 = Debug|Win32
		{AB81E811-7726-4994-9BB7-92948D4F05BE}.Release|x64.ActiveCfg = Release|x64
		{AB81E811-7726-4994-9BB7-92948D4F05BE}.Release|x64.Build.0 = Release|x64
		{AB81E811-7726-4994-9BB7-92948D4F05BE}.Release|x86.ActiveCfg = Release|Win32
		{AB81E811-7726-4994-9BB7-92948D4F05BE}.Release|x86.Build.0 = Release|Win32
		{E5E6ABA1-AEAD-4DD1-8A94-4CE711A25C45}.Debug|x64.ActiveCfg = Debug|x64
		{E5E6ABA1-AEAD-4DD1-8A94-4CE711A25C45}.Debug|x64.Build.0 = Debug|x64
		{E5E6ABA1-AEAD-4DD1-8A94-4CE711A25C45}.Debug|x86.ActiveCfg = Debug|Win32
		{E5E6ABA1-AEAD-4DD1-8A94-4CE711A25C45}.Debug|x86.Build.0 = Debug|Win32
		{E5E6ABA1-AEAD-4DD1-8A94-4CE711A25C45}.Release|x64.ActiveCfg = Release|x64
		{E5E6ABA1-AEAD-4DD1-8A94-4CE711A25C45}.Release|x64.Build.0 = Release|x64
		{E5E6ABA1-AEAD-4DD1-8A94-4CE711A25C45}.Release|x86.ActiveCfg = Release|Win32
		{E5E6ABA1-AEAD-4DD1-8A94-4CE711A25C45}.Release|x86.Build.0 = Release|Win32
		{F2112B93-90A5-445D-9447-508E98B3776E}.Debug|x64.ActiveCfg = Debug|x64
		{F2112B93-90A5-445D-9447-508E98B3776E}.Debug|x64.Build.0 = Debug|x64
		{F2112B93-90A5-445D-9447-508E98B3776E}.Debug|x86.ActiveCfg = Debug|Win32
		{F2112B93-90A5-445D-9447-508E98B3776E}.Debug|x86.Build.0 = Debug|Win32
		{F2112B93-90A5-445D-9447-508E98B3776E}.Release|x64.ActiveCfg = Release|x64
		{F2112B93-90A5-445D-9447-508E98B3776E}.Release|x64.Build.0 = Release|x64
		{F2112B93-90A5-445D-9447-508E98B3776E}.Release|x86.ActiveCfg = Release|Win32
		{F2112B93-90A5-445D-9447-508E98B3776E}.Release|x86.Build.0 = Release|Win32
		{9DBE2825-C445-4EE8-8A42-1BD0EE0EAA58}.Debug|x64.ActiveCfg = Debug|x64
		{9DBE2825-C445-4EE8-8A42-1BD0EE0EAA58}.Debug|x64.Build.0 = Debug|x64
		{9DBE2825-C445-4EE8-8A42-1BD0EE0EAA58}.Debug|x86.ActiveCfg = Debug|Win32
		{9DBE2825-C445-4EE8-8A42-1BD0EE0EAA58}.Debug|x86.Build.0 = Debug|Win32
		{9DBE2825-C445-4EE8-8A42-1BD0EE0EAA58}.Release|x64.ActiveCfg = Release|x64
		{9DBE2825-C445-4EE8-8A42-1BD0EE0EAA58}.Release|x64.Build.0 = Release|x64
		{9DBE2825-C445-4EE8-8A42-1BD0EE0EAA58}.Release|x86.ActiveCfg = Release|Win32
		{9DBE2825-C445-4EE8-8A42-1BD0EE0EAA58}.Release|x86.Build.0 = Release|Win32
		{99D4201B-28FE-4D03-88AC-A34AF729AF11}.Debug|x64.ActiveCfg = Debug|x64
		{99D4201B-28FE-4D03-88AC-A34AF729AF11}.Debug|x64.Build.0 = Debug|x64
		{99D4201B-28FE-4D03-88AC-A34AF729AF11}.Debug|x86.ActiveCfg = Debug|Win32
		{99D4201B-28FE-4D03-88AC-A34AF729AF11}.Debug|x86.Build.0 = Debug|Win32
		{99D4201B-28FE-4D03-88AC-A34AF729AF11}.Release|x64.ActiveCfg = Release|x64
		{99D4201B-28FE-4D03-88AC-A34AF729AF11}.Release|x64.Build.0 = Release|x64
		{99D4201B-28FE-4D03-88AC-A34AF729AF11}.Release|x86.ActiveCfg = Release|Win32
		{99D4201B-28FE-4D03-88AC-A34AF729AF11}.Release|x86.Build.0 = Release|Win32
		{0B80C7EB-7DB0-4277-B90C-22E33FBEA517}.Debug|x64.ActiveCfg = Debug|x64
		{0B80C7EB-7DB0-4277-B90C-22E33FBEA517}.Debug|x64.Build.0 = Debug|x64
		{0B80C7EB-7DB0-4277-B90C-22E33FBEA517}.Debug|x86.ActiveCfg = Debug|Win32
		{0B80C7EB-7DB0-4277-B90C-22E33FBEA517}.Debug|x86.Build.0 = Debug|Win32
		{0B80C7EB-7DB0-4277-B90C-22E33FBEA517}.Release|x64.ActiveCfg = Release|x64
		{0B80C7EB-7DB0-4277-B90C-22E33FBEA517}.Release|x64.Build.0 = Release|x64
		{0B80C7EB-7DB0-4277-B90C-22E33FBEA517}.Release|x86.ActiveCfg = Release|Win32
		{0B80C7EB-7DB0-4277-B90C-22E33FBEA517}.Release|x86.Build.0 = Release|Win32
		{AA09532B-211A-4CF5-8D28-60FA5E5FFA21}.Debug|x64.ActiveCfg = Debug|x64
		{AA09532B-211A-4CF5-8D28-60FA5E5FFA21}.Debug|x64.Build.0 = Debug|x64
		{AA09532B-211A-4CF5-8D28-60FA5E5FFA21}.Debug|x86.ActiveCfg = Debug|Win32
		{AA09532B-211A-4CF5-8D28-60FA5E5FFA21}.Debug|x86.Build.0 = Debug|Win32
		{AA09532B-211A-4CF5-8D28-60FA5E5FFA21}.Release|x64.ActiveCfg = Release|x64
		{AA09532B-211A-4CF5-8D28-60FA5E5FFA21}.Release|x64.Build.0 = Release|x64
		{AA09532B-211A-4CF5-8D28-60FA5E5FFA21}.Release|x86.ActiveCfg = Release|Win32
		{AA09532B-211A-4CF5-8D28-60FA5E5FFA21}.Release|x86.Build.0 = Release|Win32
		{516F2D33-FFF4-4102-A765-14EB80C26213}.Debug|x64.ActiveCfg = Debug|x64
		{516F2D33-FFF4-4102-A765-14EB80C26213}.Debug|x64.Build.0 = Debug|x64
		{516F2D33-FFF4-4102-A765-14EB80C26213}.Debug|x86.ActiveCfg = Debug|Win32
		{516F2D33-FFF4-4102-A765-14EB80C26213}.Debug|x86.Build.0 = Debug|Win32
		{516F2D33-FFF4-4102-A765-14EB80C26213}.Release|x64.ActiveCfg = Release|x64
		{516F2D33-FFF4-4102-A765-14EB80C26213}.Release|x64.Build.0 = Release|x64
		{516F2D33-FFF4-4102-A765-14EB80C26213}.Release|x86.ActiveCfg = Release|Win32
		{516F2D33-FFF4-4102-A765-14EB80C26213}.Release|x86.Build.0 = Release|Win32
		{213B61C3-B573-4FFA-9947-0C0548BF6916}.Debug|x64.ActiveCfg = Debug|x64
		{213B61C3-B573-4FFA-9947-0C0548BF6916}.Debug|x64.Build.0 = Debug|x64
		{213B61C3-B573-4FFA-9947-0C0548BF6916}.Debug|x86.ActiveCfg = Debug|Win32
		{213B61C3-B573-4FFA-9947-0C0548BF6916}.Debug|x86.Build.0 = Debug|Win32
		{213B61C3-B573-4FFA-9947-0C0548BF6916}.Release|x64.ActiveCfg = Release|x64
		{213B61C3-B573-4FFA-9947-0C0548BF6916}.Release|x64.Build.0 = Release|x64
		{213B61C3-B573-4FFA-9947-0C0548BF6916}.Release|x86.ActiveCfg = Release|Win32
		{213B61C3-B573-4FFA-9947-0C0548BF6916}.Release|x86.Build.0 = Release|Win32
	EndGlobalSection
	GlobalSection(SolutionProperties) = preSolution
		HideSolutionNode = FALSE
	EndGlobalSection
	GlobalSection(ExtensibilityGlobals) = postSolution
		SolutionGuid = {1859D7BB-7812-4964-AA60-FCB8F4BC19A2}
	EndGlobalSection
EndGlobal
