
Microsoft Visual Studio Solution File, Format Version 12.00
# Visual Studio Version 17
VisualStudioVersion = 17.8.34511.84
MinimumVisualStudioVersion = 10.0.40219.1
Project("{8BC9CEB8-8B4A-11D0-8D11-00A0C91BC942}") = "234. Palindrome linked list", "234. Palindrome linked list\234. Palindrome linked list.vcxproj", "{2172C8EC-06D5-4F03-938E-D723989544DE}"
EndProject
Project("{8BC9CEB8-8B4A-11D0-8D11-00A0C91BC942}") = "1672. Richest customer wealth", "1672. Richest customer wealth\1672. Richest customer wealth.vcxproj", "{9F964BBB-C13B-4B8C-A761-696546626BD8}"
EndProject
Project("{8BC9CEB8-8B4A-11D0-8D11-00A0C91BC942}") = "383. Ransom Note", "383. Ransom Note\383. Ransom Note.vcxproj", "{78C93789-D3E2-451E-969D-7CD3E1D225B2}"
EndProject
Project("{8BC9CEB8-8B4A-11D0-8D11-00A0C91BC942}") = "412. Fizz Buzz", "412. Fizz Buzz\412. Fizz Buzz.vcxproj", "{A0A68DA2-F94C-4A78-8E27-C02AD4DF7865}"
EndProject
Project("{8BC9CEB8-8B4A-11D0-8D11-00A0C91BC942}") = "876. Middle of the Linked List", "876. Middle of the Linked List\876. Middle of the Linked List.vcxproj", "{87E29DE4-C269-4457-BA81-20207E1A3FCC}"
EndProject
Project("{8BC9CEB8-8B4A-11D0-8D11-00A0C91BC942}") = "1337. The K Weakest Rows in a Matrix", "1337. The K Weakest Rows in a Matrix\1337. The K Weakest Rows in a Matrix.vcxproj", "{727096A8-7F4E-4058-A13E-092C7E90F1EB}"
EndProject
Project("{8BC9CEB8-8B4A-11D0-8D11-00A0C91BC942}") = "1342. Number of Steps to Reduce a Number to Zero", "1342. Number of Steps to Reduce a Number to Zero\1342. Number of Steps to Reduce a Number to Zero.vcxproj", "{CE3BD781-D0FA-4E57-81B6-A984BDE5F39D}"
EndProject
Global
	GlobalSection(SolutionConfigurationPlatforms) = preSolution
		Debug|x64 = Debug|x64
		Debug|x86 = Debug|x86
		Release|x64 = Release|x64
		Release|x86 = Release|x86
	EndGlobalSection
	GlobalSection(ProjectConfigurationPlatforms) = postSolution
		{2172C8EC-06D5-4F03-938E-D723989544DE}.Debug|x64.ActiveCfg = Debug|x64
		{2172C8EC-06D5-4F03-938E-D723989544DE}.Debug|x64.Build.0 = Debug|x64
		{2172C8EC-06D5-4F03-938E-D723989544DE}.Debug|x86.ActiveCfg = Debug|Win32
		{2172C8EC-06D5-4F03-938E-D723989544DE}.Debug|x86.Build.0 = Debug|Win32
		{2172C8EC-06D5-4F03-938E-D723989544DE}.Release|x64.ActiveCfg = Release|x64
		{2172C8EC-06D5-4F03-938E-D723989544DE}.Release|x64.Build.0 = Release|x64
		{2172C8EC-06D5-4F03-938E-D723989544DE}.Release|x86.ActiveCfg = Release|Win32
		{2172C8EC-06D5-4F03-938E-D723989544DE}.Release|x86.Build.0 = Release|Win32
		{9F964BBB-C13B-4B8C-A761-696546626BD8}.Debug|x64.ActiveCfg = Debug|x64
		{9F964BBB-C13B-4B8C-A761-696546626BD8}.Debug|x64.Build.0 = Debug|x64
		{9F964BBB-C13B-4B8C-A761-696546626BD8}.Debug|x86.ActiveCfg = Debug|Win32
		{9F964BBB-C13B-4B8C-A761-696546626BD8}.Debug|x86.Build.0 = Debug|Win32
		{9F964BBB-C13B-4B8C-A761-696546626BD8}.Release|x64.ActiveCfg = Release|x64
		{9F964BBB-C13B-4B8C-A761-696546626BD8}.Release|x64.Build.0 = Release|x64
		{9F964BBB-C13B-4B8C-A761-696546626BD8}.Release|x86.ActiveCfg = Release|Win32
		{9F964BBB-C13B-4B8C-A761-696546626BD8}.Release|x86.Build.0 = Release|Win32
		{78C93789-D3E2-451E-969D-7CD3E1D225B2}.Debug|x64.ActiveCfg = Debug|x64
		{78C93789-D3E2-451E-969D-7CD3E1D225B2}.Debug|x64.Build.0 = Debug|x64
		{78C93789-D3E2-451E-969D-7CD3E1D225B2}.Debug|x86.ActiveCfg = Debug|Win32
		{78C93789-D3E2-451E-969D-7CD3E1D225B2}.Debug|x86.Build.0 = Debug|Win32
		{78C93789-D3E2-451E-969D-7CD3E1D225B2}.Release|x64.ActiveCfg = Release|x64
		{78C93789-D3E2-451E-969D-7CD3E1D225B2}.Release|x64.Build.0 = Release|x64
		{78C93789-D3E2-451E-969D-7CD3E1D225B2}.Release|x86.ActiveCfg = Release|Win32
		{78C93789-D3E2-451E-969D-7CD3E1D225B2}.Release|x86.Build.0 = Release|Win32
		{A0A68DA2-F94C-4A78-8E27-C02AD4DF7865}.Debug|x64.ActiveCfg = Debug|x64
		{A0A68DA2-F94C-4A78-8E27-C02AD4DF7865}.Debug|x64.Build.0 = Debug|x64
		{A0A68DA2-F94C-4A78-8E27-C02AD4DF7865}.Debug|x86.ActiveCfg = Debug|Win32
		{A0A68DA2-F94C-4A78-8E27-C02AD4DF7865}.Debug|x86.Build.0 = Debug|Win32
		{A0A68DA2-F94C-4A78-8E27-C02AD4DF7865}.Release|x64.ActiveCfg = Release|x64
		{A0A68DA2-F94C-4A78-8E27-C02AD4DF7865}.Release|x64.Build.0 = Release|x64
		{A0A68DA2-F94C-4A78-8E27-C02AD4DF7865}.Release|x86.ActiveCfg = Release|Win32
		{A0A68DA2-F94C-4A78-8E27-C02AD4DF7865}.Release|x86.Build.0 = Release|Win32
		{87E29DE4-C269-4457-BA81-20207E1A3FCC}.Debug|x64.ActiveCfg = Debug|x64
		{87E29DE4-C269-4457-BA81-20207E1A3FCC}.Debug|x64.Build.0 = Debug|x64
		{87E29DE4-C269-4457-BA81-20207E1A3FCC}.Debug|x86.ActiveCfg = Debug|Win32
		{87E29DE4-C269-4457-BA81-20207E1A3FCC}.Debug|x86.Build.0 = Debug|Win32
		{87E29DE4-C269-4457-BA81-20207E1A3FCC}.Release|x64.ActiveCfg = Release|x64
		{87E29DE4-C269-4457-BA81-20207E1A3FCC}.Release|x64.Build.0 = Release|x64
		{87E29DE4-C269-4457-BA81-20207E1A3FCC}.Release|x86.ActiveCfg = Release|Win32
		{87E29DE4-C269-4457-BA81-20207E1A3FCC}.Release|x86.Build.0 = Release|Win32
		{727096A8-7F4E-4058-A13E-092C7E90F1EB}.Debug|x64.ActiveCfg = Debug|x64
		{727096A8-7F4E-4058-A13E-092C7E90F1EB}.Debug|x64.Build.0 = Debug|x64
		{727096A8-7F4E-4058-A13E-092C7E90F1EB}.Debug|x86.ActiveCfg = Debug|Win32
		{727096A8-7F4E-4058-A13E-092C7E90F1EB}.Debug|x86.Build.0 = Debug|Win32
		{727096A8-7F4E-4058-A13E-092C7E90F1EB}.Release|x64.ActiveCfg = Release|x64
		{727096A8-7F4E-4058-A13E-092C7E90F1EB}.Release|x64.Build.0 = Release|x64
		{727096A8-7F4E-4058-A13E-092C7E90F1EB}.Release|x86.ActiveCfg = Release|Win32
		{727096A8-7F4E-4058-A13E-092C7E90F1EB}.Release|x86.Build.0 = Release|Win32
		{CE3BD781-D0FA-4E57-81B6-A984BDE5F39D}.Debug|x64.ActiveCfg = Debug|x64
		{CE3BD781-D0FA-4E57-81B6-A984BDE5F39D}.Debug|x64.Build.0 = Debug|x64
		{CE3BD781-D0FA-4E57-81B6-A984BDE5F39D}.Debug|x86.ActiveCfg = Debug|Win32
		{CE3BD781-D0FA-4E57-81B6-A984BDE5F39D}.Debug|x86.Build.0 = Debug|Win32
		{CE3BD781-D0FA-4E57-81B6-A984BDE5F39D}.Release|x64.ActiveCfg = Release|x64
		{CE3BD781-D0FA-4E57-81B6-A984BDE5F39D}.Release|x64.Build.0 = Release|x64
		{CE3BD781-D0FA-4E57-81B6-A984BDE5F39D}.Release|x86.ActiveCfg = Release|Win32
		{CE3BD781-D0FA-4E57-81B6-A984BDE5F39D}.Release|x86.Build.0 = Release|Win32
	EndGlobalSection
	GlobalSection(SolutionProperties) = preSolution
		HideSolutionNode = FALSE
	EndGlobalSection
	GlobalSection(ExtensibilityGlobals) = postSolution
		SolutionGuid = {1859D7BB-7812-4964-AA60-FCB8F4BC19A2}
	EndGlobalSection
EndGlobal
